<Solution>
  <Project Path="asd/P25-PrimeNumber.csproj" Id="18379a4a-9505-454e-99d2-c1bdb7020e5d" />
  <Project Path="P01-Numbers1To100/P01-Numbers1To100.csproj" />
  <Project Path="P02-NumbersEndingIn7/P02-NumbersEndingIn7.csproj" />
  <Project Path="P03-LatinLetters/P03-LatinLetters.csproj" />
  <Project Path="P04-SumOfNumbers/P04-SumOfNumbers.csproj" />
  <Project Path="P05-MaxNumber/P05-MaxNumber.csproj" />
  <Project Path="P06-MinNumber/P06-MinNumber.csproj" />
  <Project Path="P07-LeftRightSum/P07-LeftRightSum.csproj" />
  <Project Path="P10-EvenOddSums/P10-EvenOddSums.csproj" Id="7b877bda-f353-4643-9c0d-1f1e0ec0f764" />
  <Project Path="P11-EqualCouples/P11-EqualCouples.csproj" Id="53936f2c-af4c-492a-96b0-ad0f24ca4cb0" />
  <Project Path="P12-RectangleOf10X10Stars/P12-RectangleOf10X10Stars.csproj" Id="56c25046-057e-4cd5-95c5-c7e0ab66e9d1" />
  <Project Path="P13-ChristmasTree/P13-ChristmasTree.csproj" Id="d6b53e88-a4df-4247-9f17-e0ddc9b0e5c1" />
  <Project Path="P14-NumbersInRange1_100/P14-NumbersInRange1_100.csproj" Id="1f6a12fd-3296-4546-8b47-1215f732fe50" />
  <Project Path="P15-SumOfTheOthers/P15-SumOfTheOthers.csproj" Id="549f7d7d-2264-4849-a150-7030e72a769c" />
  <Project Path="P16-SquareFrame/P16-SquareFrame.csproj" Id="b49162aa-8646-477a-964c-ed62c2a50326" />
  <Project Path="P17-DiamondOfStars/P17-Sunglasses.csproj" Id="b9b78312-1a4b-4585-a71f-978363084ef4" />
  <Project Path="P18-House/P18-LoopByStep3.csproj" Id="a7bfaaf0-67cb-4bc8-9f07-46e9327c840d" />
  <Project Path="P19-NumbersFromNTo1/P19-NumbersFromNTo1.csproj" Id="c7584ca4-0f22-4446-a789-1840e3ba316a" />
  <Project Path="P20-NumbersPowerOf2/P20-NumbersPowerOf2.csproj" Id="e131761c-d385-44bb-8a18-cf0ae4c8bdec" />
  <Project Path="P21-EvenPowerOf2/P21-EvenPowerOf2.csproj" Id="0c0dfe71-8a31-48ee-8e2a-5cd88006742d" />
  <Project Path="P22-OrderOf2KPlus1/P22-OrderOf2KPlus1.csproj" Id="ee8a88d0-6f42-41a4-8868-169fff12ee8c" />
  <Project Path="P23-TheLCD(NOD)/P23-TheLCD(NOD).csproj" Id="70001d55-05dc-4b9b-b9b1-7fb6aca450a9" />
  <Project Path="P24-Factoriel/P24-Factoriel.csproj" Id="1fdcea28-d035-4c4e-b0b3-6d398749da4b" />
  <Project Path="P26-EvenNumberWithCheck/P26-EvenNumberWithCheck.csproj" Id="5a23ad89-a193-433e-bd3d-d26a3c9c737a" />
  <Project Path="P27-FibonachiNumber/P27-FibonachiNumber.csproj" Id="646d78ae-d7e2-40e5-92d7-ac85b2fce0ac" />
  <Project Path="P28-PyramidOfNumbers/P28-PyramidOfNumbers.csproj" Id="2d7d5d5a-f01c-4882-a95e-8cf42047ddec" />
</Solution>
